
Microsoft Visual Studio Solution File, Format Version 12.00
# Visual Studio Version 17
VisualStudioVersion = 17.9.34728.123
MinimumVisualStudioVersion = 10.0.40219.1
Project("{FAE04EC0-301F-11D3-BF4B-00C04F79EFBC}") = "CadastroContatosApi", "CadastroContatosApi\CadastroContatosApi.csproj", "{730E90B2-EEEA-4D05-B218-6292BACE794E}"
EndProject
Project("{FAE04EC0-301F-11D3-BF4B-00C04F79EFBC}") = "CadastroContatosDomain", "CadastroContatosDomain\CadastroContatosDomain.csproj", "{20714FA6-ECE9-4FB1-88A9-8030CEEDF683}"
EndProject
Project("{FAE04EC0-301F-11D3-BF4B-00C04F79EFBC}") = "CadastroContatosApplication", "CadastroContatosApplication\CadastroContatosApplication.csproj", "{D58F310F-B762-4673-820A-34CB6B6FFAAD}"
EndProject
Project("{FAE04EC0-301F-11D3-BF4B-00C04F79EFBC}") = "CadastroContatosInfrastructure", "CadastroContatosInfrastructure\CadastroContatosInfrastructure.csproj", "{929FA9DD-10C0-4675-AFC0-DB11C1E3AE86}"
EndProject
Project("{FAE04EC0-301F-11D3-BF4B-00C04F79EFBC}") = "CadastroContatosTests", "CadastroContatosTests\CadastroContatosTests.csproj", "{5ACCD8B0-3608-4A26-9F01-882ECC9EEA48}"
EndProject
Global
	GlobalSection(SolutionConfigurationPlatforms) = preSolution
		Debug|Any CPU = Debug|Any CPU
		Release|Any CPU = Release|Any CPU
	EndGlobalSection
	GlobalSection(ProjectConfigurationPlatforms) = postSolution
		{730E90B2-EEEA-4D05-B218-6292BACE794E}.Debug|Any CPU.ActiveCfg = Debug|Any CPU
		{730E90B2-EEEA-4D05-B218-6292BACE794E}.Debug|Any CPU.Build.0 = Debug|Any CPU
		{730E90B2-EEEA-4D05-B218-6292BACE794E}.Release|Any CPU.ActiveCfg = Release|Any CPU
		{730E90B2-EEEA-4D05-B218-6292BACE794E}.Release|Any CPU.Build.0 = Release|Any CPU
		{20714FA6-ECE9-4FB1-88A9-8030CEEDF683}.Debug|Any CPU.ActiveCfg = Debug|Any CPU
		{20714FA6-ECE9-4FB1-88A9-8030CEEDF683}.Debug|Any CPU.Build.0 = Debug|Any CPU
		{20714FA6-ECE9-4FB1-88A9-8030CEEDF683}.Release|Any CPU.ActiveCfg = Release|Any CPU
		{20714FA6-ECE9-4FB1-88A9-8030CEEDF683}.Release|Any CPU.Build.0 = Release|Any CPU
		{D58F310F-B762-4673-820A-34CB6B6FFAAD}.Debug|Any CPU.ActiveCfg = Debug|Any CPU
		{D58F310F-B762-4673-820A-34CB6B6FFAAD}.Debug|Any CPU.Build.0 = Debug|Any CPU
		{D58F310F-B762-4673-820A-34CB6B6FFAAD}.Release|Any CPU.ActiveCfg = Release|Any CPU
		{D58F310F-B762-4673-820A-34CB6B6FFAAD}.Release|Any CPU.Build.0 = Release|Any CPU
		{929FA9DD-10C0-4675-AFC0-DB11C1E3AE86}.Debug|Any CPU.ActiveCfg = Debug|Any CPU
		{929FA9DD-10C0-4675-AFC0-DB11C1E3AE86}.Debug|Any CPU.Build.0 = Debug|Any CPU
		{929FA9DD-10C0-4675-AFC0-DB11C1E3AE86}.Release|Any CPU.ActiveCfg = Release|Any CPU
		{929FA9DD-10C0-4675-AFC0-DB11C1E3AE86}.Release|Any CPU.Build.0 = Release|Any CPU
		{5ACCD8B0-3608-4A26-9F01-882ECC9EEA48}.Debug|Any CPU.ActiveCfg = Debug|Any CPU
		{5ACCD8B0-3608-4A26-9F01-882ECC9EEA48}.Debug|Any CPU.Build.0 = Debug|Any CPU
		{5ACCD8B0-3608-4A26-9F01-882ECC9EEA48}.Release|Any CPU.ActiveCfg = Release|Any CPU
		{5ACCD8B0-3608-4A26-9F01-882ECC9EEA48}.Release|Any CPU.Build.0 = Release|Any CPU
	EndGlobalSection
	GlobalSection(SolutionProperties) = preSolution
		HideSolutionNode = FALSE
	EndGlobalSection
	GlobalSection(ExtensibilityGlobals) = postSolution
		SolutionGuid = {937D88BA-6093-4778-96E8-ED8AD1026777}
	EndGlobalSection
EndGlobal
